
Microsoft Visual Studio Solution File, Format Version 12.00
# Visual Studio Version 16
VisualStudioVersion = 16.0.29519.181
MinimumVisualStudioVersion = 10.0.40219.1
Project("{FAE04EC0-301F-11D3-BF4B-00C04F79EFBC}") = "WebCssGiris", "WebCssGiris\WebCssGiris.csproj", "{AD319FD6-ADEA-4F6A-8DEE-BD3577564248}"
EndProject
Project("{FAE04EC0-301F-11D3-BF4B-00C04F79EFBC}") = "WebApplication1", "WebApplication1\WebApplication1.csproj", "{7CEB3430-F072-4809-87F2-C4AFC323227A}"
EndProject
Project("{FAE04EC0-301F-11D3-BF4B-00C04F79EFBC}") = "WebApplication2", "WebApplication2\WebApplication2.csproj", "{BC9982A5-6368-4D6A-824E-EB062A4A0D58}"
EndProject
Global
	GlobalSection(SolutionConfigurationPlatforms) = preSolution
		Debug|Any CPU = Debug|Any CPU
		Release|Any CPU = Release|Any CPU
	EndGlobalSection
	GlobalSection(ProjectConfigurationPlatforms) = postSolution
		{AD319FD6-ADEA-4F6A-8DEE-BD3577564248}.Debug|Any CPU.ActiveCfg = Debug|Any CPU
		{AD319FD6-ADEA-4F6A-8DEE-BD3577564248}.Debug|Any CPU.Build.0 = Debug|Any CPU
		{AD319FD6-ADEA-4F6A-8DEE-BD3577564248}.Release|Any CPU.ActiveCfg = Release|Any CPU
		{AD319FD6-ADEA-4F6A-8DEE-BD3577564248}.Release|Any CPU.Build.0 = Release|Any CPU
		{7CEB3430-F072-4809-87F2-C4AFC323227A}.Debug|Any CPU.ActiveCfg = Debug|Any CPU
		{7CEB3430-F072-4809-87F2-C4AFC323227A}.Debug|Any CPU.Build.0 = Debug|Any CPU
		{7CEB3430-F072-4809-87F2-C4AFC323227A}.Release|Any CPU.ActiveCfg = Release|Any CPU
		{7CEB3430-F072-4809-87F2-C4AFC323227A}.Release|Any CPU.Build.0 = Release|Any CPU
		{BC9982A5-6368-4D6A-824E-EB062A4A0D58}.Debug|Any CPU.ActiveCfg = Debug|Any CPU
		{BC9982A5-6368-4D6A-824E-EB062A4A0D58}.Debug|Any CPU.Build.0 = Debug|Any CPU
		{BC9982A5-6368-4D6A-824E-EB062A4A0D58}.Release|Any CPU.ActiveCfg = Release|Any CPU
		{BC9982A5-6368-4D6A-824E-EB062A4A0D58}.Release|Any CPU.Build.0 = Release|Any CPU
	EndGlobalSection
	GlobalSection(SolutionProperties) = preSolution
		HideSolutionNode = FALSE
	EndGlobalSection
	GlobalSection(ExtensibilityGlobals) = postSolution
		SolutionGuid = {ABB7729F-2994-4CB4-8566-AE2AEC2426B9}
	EndGlobalSection
EndGlobal
